// !$*UTF8*$!
{
	archiveVersion = 1;
	classes = {
	};
	objectVersion = 46;
	objects = {

/* Begin PBXBuildFile section */
		21378A3C1E62B29800EDF4ED /* AppDelegate.swift in Sources */ = {isa = PBXBuildFile; fileRef = 21378A3B1E62B29800EDF4ED /* AppDelegate.swift */; };
		21378A3E1E62B29800EDF4ED /* ViewController.swift in Sources */ = {isa = PBXBuildFile; fileRef = 21378A3D1E62B29800EDF4ED /* ViewController.swift */; };
		21378A411E62B29800EDF4ED /* Main.storyboard in Resources */ = {isa = PBXBuildFile; fileRef = 21378A3F1E62B29800EDF4ED /* Main.storyboard */; };
		21378A431E62B29800EDF4ED /* Assets.xcassets in Resources */ = {isa = PBXBuildFile; fileRef = 21378A421E62B29800EDF4ED /* Assets.xcassets */; };
		21378A461E62B29800EDF4ED /* LaunchScreen.storyboard in Resources */ = {isa = PBXBuildFile; fileRef = 21378A441E62B29800EDF4ED /* LaunchScreen.storyboard */; };
		21DDEA781E62B7050002D0D3 /* LoginViewController.swift in Sources */ = {isa = PBXBuildFile; fileRef = 21DDEA771E62B7050002D0D3 /* LoginViewController.swift */; };
		67C4CB59002348AF5F60386D /* Pods_TwitterDemo.framework in Frameworks */ = {isa = PBXBuildFile; fileRef = 7C57F04F3D7DA2641E03F38B /* Pods_TwitterDemo.framework */; };
/* End PBXBuildFile section */

/* Begin PBXFileReference section */
		21378A381E62B29800EDF4ED /* TwitterDemo.app */ = {isa = PBXFileReference; explicitFileType = wrapper.application; includeInIndex = 0; path = TwitterDemo.app; sourceTree = BUILT_PRODUCTS_DIR; };
		21378A3B1E62B29800EDF4ED /* AppDelegate.swift */ = {isa = PBXFileReference; lastKnownFileType = sourcecode.swift; path = AppDelegate.swift; sourceTree = "<group>"; };
		21378A3D1E62B29800EDF4ED /* ViewController.swift */ = {isa = PBXFileReference; lastKnownFileType = sourcecode.swift; path = ViewController.swift; sourceTree = "<group>"; };
		21378A401E62B29800EDF4ED /* Base */ = {isa = PBXFileReference; lastKnownFileType = file.storyboard; name = Base; path = Base.lproj/Main.storyboard; sourceTree = "<group>"; };
		21378A421E62B29800EDF4ED /* Assets.xcassets */ = {isa = PBXFileReference; lastKnownFileType = folder.assetcatalog; path = Assets.xcassets; sourceTree = "<group>"; };
		21378A451E62B29800EDF4ED /* Base */ = {isa = PBXFileReference; lastKnownFileType = file.storyboard; name = Base; path = Base.lproj/LaunchScreen.storyboard; sourceTree = "<group>"; };
		21378A471E62B29800EDF4ED /* Info.plist */ = {isa = PBXFileReference; lastKnownFileType = text.plist.xml; path = Info.plist; sourceTree = "<group>"; };
		21DDEA771E62B7050002D0D3 /* LoginViewController.swift */ = {isa = PBXFileReference; fileEncoding = 4; lastKnownFileType = sourcecode.swift; path = LoginViewController.swift; sourceTree = "<group>"; };
		7C57F04F3D7DA2641E03F38B /* Pods_TwitterDemo.framework */ = {isa = PBXFileReference; explicitFileType = wrapper.framework; includeInIndex = 0; path = Pods_TwitterDemo.framework; sourceTree = BUILT_PRODUCTS_DIR; };
		80899D9A7920F070472514E7 /* Pods-TwitterDemo.release.xcconfig */ = {isa = PBXFileReference; includeInIndex = 1; lastKnownFileType = text.xcconfig; name = "Pods-TwitterDemo.release.xcconfig"; path = "Pods/Target Support Files/Pods-TwitterDemo/Pods-TwitterDemo.release.xcconfig"; sourceTree = "<group>"; };
		CC54FA7CF6D16768C1757A0A /* Pods-TwitterDemo.debug.xcconfig */ = {isa = PBXFileReference; includeInIndex = 1; lastKnownFileType = text.xcconfig; name = "Pods-TwitterDemo.debug.xcconfig"; path = "Pods/Target Support Files/Pods-TwitterDemo/Pods-TwitterDemo.debug.xcconfig"; sourceTree = "<group>"; };
/* End PBXFileReference section */

/* Begin PBXFrameworksBuildPhase section */
		21378A351E62B29800EDF4ED /* Frameworks */ = {
			isa = PBXFrameworksBuildPhase;
			buildActionMask = 2147483647;
			files = (
				67C4CB59002348AF5F60386D /* Pods_TwitterDemo.framework in Frameworks */,
			);
			runOnlyForDeploymentPostprocessing = 0;
		};
/* End PBXFrameworksBuildPhase section */

/* Begin PBXGroup section */
		21378A2F1E62B29800EDF4ED = {
			isa = PBXGroup;
			children = (
				21DDEA771E62B7050002D0D3 /* LoginViewController.swift */,
				21378A3A1E62B29800EDF4ED /* TwitterDemo */,
				21378A391E62B29800EDF4ED /* Products */,
				6B1945F79914E5104E9C9EFF /* Pods */,
				61FCB84066D11A80B211D78F /* Frameworks */,
			);
			sourceTree = "<group>";
		};
		21378A391E62B29800EDF4ED /* Products */ = {
			isa = PBXGroup;
			children = (
				21378A381E62B29800EDF4ED /* TwitterDemo.app */,
			);
			name = Products;
			sourceTree = "<group>";
		};
		21378A3A1E62B29800EDF4ED /* TwitterDemo */ = {
			isa = PBXGroup;
			children = (
				21378A3B1E62B29800EDF4ED /* AppDelegate.swift */,
				21378A3D1E62B29800EDF4ED /* ViewController.swift */,
				21378A3F1E62B29800EDF4ED /* Main.storyboard */,
				21378A421E62B29800EDF4ED /* Assets.xcassets */,
				21378A441E62B29800EDF4ED /* LaunchScreen.storyboard */,
				21378A471E62B29800EDF4ED /* Info.plist */,
			);
			path = TwitterDemo;
			sourceTree = "<group>";
		};
		61FCB84066D11A80B211D78F /* Frameworks */ = {
			isa = PBXGroup;
			children = (
				7C57F04F3D7DA2641E03F38B /* Pods_TwitterDemo.framework */,
			);
			name = Frameworks;
			sourceTree = "<group>";
		};
		6B1945F79914E5104E9C9EFF /* Pods */ = {
			isa = PBXGroup;
			children = (
				CC54FA7CF6D16768C1757A0A /* Pods-TwitterDemo.debug.xcconfig */,
				80899D9A7920F070472514E7 /* Pods-TwitterDemo.release.xcconfig */,
			);
			name = Pods;
			sourceTree = "<group>";
		};
/* End PBXGroup section */

/* Begin PBXNativeTarget section */
		21378A371E62B29800EDF4ED /* TwitterDemo */ = {
			isa = PBXNativeTarget;
			buildConfigurationList = 21378A4A1E62B29800EDF4ED /* Build configuration list for PBXNativeTarget "TwitterDemo" */;
			buildPhases = (
				360F8B33562E6A857ADCE42F /* [CP] Check Pods Manifest.lock */,
				21378A341E62B29800EDF4ED /* Sources */,
				21378A351E62B29800EDF4ED /* Frameworks */,
				21378A361E62B29800EDF4ED /* Resources */,
				B83F611638DF53AF64680B13 /* [CP] Embed Pods Frameworks */,
				F5D8A3D6ACBB2523AD0827B4 /* [CP] Copy Pods Resources */,
			);
			buildRules = (
			);
			dependencies = (
			);
			name = TwitterDemo;
			productName = TwitterDemo;
			productReference = 21378A381E62B29800EDF4ED /* TwitterDemo.app */;
			productType = "com.apple.product-type.application";
		};
/* End PBXNativeTarget section */

/* Begin PBXProject section */
		21378A301E62B29800EDF4ED /* Project object */ = {
			isa = PBXProject;
			attributes = {
				LastSwiftUpdateCheck = 0820;
				LastUpgradeCheck = 0820;
				ORGANIZATIONNAME = "Madel Asistio";
				TargetAttributes = {
					21378A371E62B29800EDF4ED = {
						CreatedOnToolsVersion = 8.2.1;
						DevelopmentTeam = WFB978387N;
						ProvisioningStyle = Automatic;
					};
				};
			};
			buildConfigurationList = 21378A331E62B29800EDF4ED /* Build configuration list for PBXProject "TwitterDemo" */;
			compatibilityVersion = "Xcode 3.2";
			developmentRegion = English;
			hasScannedForEncodings = 0;
			knownRegions = (
				en,
				Base,
			);
			mainGroup = 21378A2F1E62B29800EDF4ED;
			productRefGroup = 21378A391E62B29800EDF4ED /* Products */;
			projectDirPath = "";
			projectRoot = "";
			targets = (
				21378A371E62B29800EDF4ED /* TwitterDemo */,
			);
		};
/* End PBXProject section */

/* Begin PBXResourcesBuildPhase section */
		21378A361E62B29800EDF4ED /* Resources */ = {
			isa = PBXResourcesBuildPhase;
			buildActionMask = 2147483647;
			files = (
				21378A461E62B29800EDF4ED /* LaunchScreen.storyboard in Resources */,
				21378A431E62B29800EDF4ED /* Assets.xcassets in Resources */,
				21378A411E62B29800EDF4ED /* Main.storyboard in Resources */,
			);
			runOnlyForDeploymentPostprocessing = 0;
		};
/* End PBXResourcesBuildPhase section */

/* Begin PBXShellScriptBuildPhase section */
		360F8B33562E6A857ADCE42F /* [CP] Check Pods Manifest.lock */ = {
			isa = PBXShellScriptBuildPhase;
			buildActionMask = 2147483647;
			files = (
			);
			inputPaths = (
			);
			name = "[CP] Check Pods Manifest.lock";
			outputPaths = (
			);
			runOnlyForDeploymentPostprocessing = 0;
			shellPath = /bin/sh;
			shellScript = "diff \"${PODS_ROOT}/../Podfile.lock\" \"${PODS_ROOT}/Manifest.lock\" > /dev/null\nif [ $? != 0 ] ; then\n    # print error to STDERR\n    echo \"error: The sandbox is not in sync with the Podfile.lock. Run 'pod install' or update your CocoaPods installation.\" >&2\n    exit 1\nfi\n";
			showEnvVarsInLog = 0;
		};
		B83F611638DF53AF64680B13 /* [CP] Embed Pods Frameworks */ = {
			isa = PBXShellScriptBuildPhase;
			buildActionMask = 2147483647;
			files = (
			);
			inputPaths = (
			);
			name = "[CP] Embed Pods Frameworks";
			outputPaths = (
			);
			runOnlyForDeploymentPostprocessing = 0;
			shellPath = /bin/sh;
			shellScript = "\"${SRCROOT}/Pods/Target Support Files/Pods-TwitterDemo/Pods-TwitterDemo-frameworks.sh\"\n";
			showEnvVarsInLog = 0;
		};
		F5D8A3D6ACBB2523AD0827B4 /* [CP] Copy Pods Resources */ = {
			isa = PBXShellScriptBuildPhase;
			buildActionMask = 2147483647;
			files = (
			);
			inputPaths = (
			);
			name = "[CP] Copy Pods Resources";
			outputPaths = (
			);
			runOnlyForDeploymentPostprocessing = 0;
			shellPath = /bin/sh;
			shellScript = "\"${SRCROOT}/Pods/Target Support Files/Pods-TwitterDemo/Pods-TwitterDemo-resources.sh\"\n";
			showEnvVarsInLog = 0;
		};
/* End PBXShellScriptBuildPhase section */

/* Begin PBXSourcesBuildPhase section */
		21378A341E62B29800EDF4ED /* Sources */ = {
			isa = PBXSourcesBuildPhase;
			buildActionMask = 2147483647;
			files = (
				21DDEA781E62B7050002D0D3 /* LoginViewController.swift in Sources */,
				21378A3E1E62B29800EDF4ED /* ViewController.swift in Sources */,
				21378A3C1E62B29800EDF4ED /* AppDelegate.swift in Sources */,
			);
			runOnlyForDeploymentPostprocessing = 0;
		};
/* End PBXSourcesBuildPhase section */

/* Begin PBXVariantGroup section */
		21378A3F1E62B29800EDF4ED /* Main.storyboard */ = {
			isa = PBXVariantGroup;
			children = (
				21378A401E62B29800EDF4ED /* Base */,
			);
			name = Main.storyboard;
			sourceTree = "<group>";
		};
		21378A441E62B29800EDF4ED /* LaunchScreen.storyboard */ = {
			isa = PBXVariantGroup;
			children = (
				21378A451E62B29800EDF4ED /* Base */,
			);
			name = LaunchScreen.storyboard;
			sourceTree = "<group>";
		};
/* End PBXVariantGroup section */

/* Begin XCBuildConfiguration section */
		21378A481E62B29800EDF4ED /* Debug */ = {
			isa = XCBuildConfiguration;
			buildSettings = {
				ALWAYS_SEARCH_USER_PATHS = NO;
				CLANG_ANALYZER_NONNULL = YES;
				CLANG_CXX_LANGUAGE_STANDARD = "gnu++0x";
				CLANG_CXX_LIBRARY = "libc++";
				CLANG_ENABLE_MODULES = YES;
				CLANG_ENABLE_OBJC_ARC = YES;
				CLANG_WARN_BOOL_CONVERSION = YES;
				CLANG_WARN_CONSTANT_CONVERSION = YES;
				CLANG_WARN_DIRECT_OBJC_ISA_USAGE = YES_ERROR;
				CLANG_WARN_DOCUMENTATION_COMMENTS = YES;
				CLANG_WARN_EMPTY_BODY = YES;
				CLANG_WARN_ENUM_CONVERSION = YES;
				CLANG_WARN_INFINITE_RECURSION = YES;
				CLANG_WARN_INT_CONVERSION = YES;
				CLANG_WARN_OBJC_ROOT_CLASS = YES_ERROR;
				CLANG_WARN_SUSPICIOUS_MOVE = YES;
				CLANG_WARN_UNREACHABLE_CODE = YES;
				CLANG_WARN__DUPLICATE_METHOD_MATCH = YES;
				"CODE_SIGN_IDENTITY[sdk=iphoneos*]" = "iPhone Developer";
				COPY_PHASE_STRIP = NO;
				DEBUG_INFORMATION_FORMAT = dwarf;
				ENABLE_STRICT_OBJC_MSGSEND = YES;
				ENABLE_TESTABILITY = YES;
				GCC_C_LANGUAGE_STANDARD = gnu99;
				GCC_DYNAMIC_NO_PIC = NO;
				GCC_NO_COMMON_BLOCKS = YES;
				GCC_OPTIMIZATION_LEVEL = 0;
				GCC_PREPROCESSOR_DEFINITIONS = (
					"DEBUG=1",
					"$(inherited)",
				);
				GCC_WARN_64_TO_32_BIT_CONVERSION = YES;
				GCC_WARN_ABOUT_RETURN_TYPE = YES_ERROR;
				GCC_WARN_UNDECLARED_SELECTOR = YES;
				GCC_WARN_UNINITIALIZED_AUTOS = YES_AGGRESSIVE;
				GCC_WARN_UNUSED_FUNCTION = YES;
				GCC_WARN_UNUSED_VARIABLE = YES;
				IPHONEOS_DEPLOYMENT_TARGET = 10.2;
				MTL_ENABLE_DEBUG_INFO = YES;
				ONLY_ACTIVE_ARCH = YES;
				SDKROOT = iphoneos;
				SWIFT_ACTIVE_COMPILATION_CONDITIONS = DEBUG;
				SWIFT_OPTIMIZATION_LEVEL = "-Onone";
			};
			name = Debug;
		};
		21378A491E62B29800EDF4ED /* Release */ = {
			isa = XCBuildConfiguration;
			buildSettings = {
				ALWAYS_SEARCH_USER_PATHS = NO;
				CLANG_ANALYZER_NONNULL = YES;
				CLANG_CXX_LANGUAGE_STANDARD = "gnu++0x";
				CLANG_CXX_LIBRARY = "libc++";
				CLANG_ENABLE_MODULES = YES;
				CLANG_ENABLE_OBJC_ARC = YES;
				CLANG_WARN_BOOL_CONVERSION = YES;
				CLANG_WARN_CONSTANT_CONVERSION = YES;
				CLANG_WARN_DIRECT_OBJC_ISA_USAGE = YES_ERROR;
				CLANG_WARN_DOCUMENTATION_COMMENTS = YES;
				CLANG_WARN_EMPTY_BODY = YES;
				CLANG_WARN_ENUM_CONVERSION = YES;
				CLANG_WARN_INFINITE_RECURSION = YES;
				CLANG_WARN_INT_CONVERSION = YES;
				CLANG_WARN_OBJC_ROOT_CLASS = YES_ERROR;
				CLANG_WARN_SUSPICIOUS_MOVE = YES;
				CLANG_WARN_UNREACHABLE_CODE = YES;
				CLANG_WARN__DUPLICATE_METHOD_MATCH = YES;
				"CODE_SIGN_IDENTITY[sdk=iphoneos*]" = "iPhone Developer";
				COPY_PHASE_STRIP = NO;
				DEBUG_INFORMATION_FORMAT = "dwarf-with-dsym";
				ENABLE_NS_ASSERTIONS = NO;
				ENABLE_STRICT_OBJC_MSGSEND = YES;
				GCC_C_LANGUAGE_STANDARD = gnu99;
				GCC_NO_COMMON_BLOCKS = YES;
				GCC_WARN_64_TO_32_BIT_CONVERSION = YES;
				GCC_WARN_ABOUT_RETURN_TYPE = YES_ERROR;
				GCC_WARN_UNDECLARED_SELECTOR = YES;
				GCC_WARN_UNINITIALIZED_AUTOS = YES_AGGRESSIVE;
				GCC_WARN_UNUSED_FUNCTION = YES;
				GCC_WARN_UNUSED_VARIABLE = YES;
				IPHONEOS_DEPLOYMENT_TARGET = 10.2;
				MTL_ENABLE_DEBUG_INFO = NO;
				SDKROOT = iphoneos;
				SWIFT_OPTIMIZATION_LEVEL = "-Owholemodule";
				VALIDATE_PRODUCT = YES;
			};
			name = Release;
		};
		21378A4B1E62B29800EDF4ED /* Debug */ = {
			isa = XCBuildConfiguration;
			baseConfigurationReference = CC54FA7CF6D16768C1757A0A /* Pods-TwitterDemo.debug.xcconfig */;
			buildSettings = {
				ASSETCATALOG_COMPILER_APPICON_NAME = AppIcon;
				DEVELOPMENT_TEAM = WFB978387N;
				INFOPLIST_FILE = TwitterDemo/Info.plist;
				LD_RUNPATH_SEARCH_PATHS = "$(inherited) @executable_path/Frameworks";
				PRODUCT_BUNDLE_IDENTIFIER = codePath.com.TwitterDemo;
				PRODUCT_NAME = "$(TARGET_NAME)";
				SWIFT_VERSION = 3.0;
			};
			name = Debug;
		};
		21378A4C1E62B29800EDF4ED /* Release */ = {
			isa = XCBuildConfiguration;
			baseConfigurationReference = 80899D9A7920F070472514E7 /* Pods-TwitterDemo.release.xcconfig */;
			buildSettings = {
				ASSETCATALOG_COMPILER_APPICON_NAME = AppIcon;
				DEVELOPMENT_TEAM = WFB978387N;
				INFOPLIST_FILE = TwitterDemo/Info.plist;
				LD_RUNPATH_SEARCH_PATHS = "$(inherited) @executable_path/Frameworks";
				PRODUCT_BUNDLE_IDENTIFIER = codePath.com.TwitterDemo;
				PRODUCT_NAME = "$(TARGET_NAME)";
				SWIFT_VERSION = 3.0;
			};
			name = Release;
		};
/* End XCBuildConfiguration section */

/* Begin XCConfigurationList section */
		21378A331E62B29800EDF4ED /* Build configuration list for PBXProject "TwitterDemo" */ = {
			isa = XCConfigurationList;
			buildConfigurations = (
				21378A481E62B29800EDF4ED /* Debug */,
				21378A491E62B29800EDF4ED /* Release */,
			);
			defaultConfigurationIsVisible = 0;
			defaultConfigurationName = Release;
		};
		21378A4A1E62B29800EDF4ED /* Build configuration list for PBXNativeTarget "TwitterDemo" */ = {
			isa = XCConfigurationList;
			buildConfigurations = (
				21378A4B1E62B29800EDF4ED /* Debug */,
				21378A4C1E62B29800EDF4ED /* Release */,
			);
			defaultConfigurationIsVisible = 0;
			defaultConfigurationName = Release;
		};
/* End XCConfigurationList section */
	};
	rootObject = 21378A301E62B29800EDF4ED /* Project object */;
}
